
Microsoft Visual Studio Solution File, Format Version 12.00
# Visual Studio 15
VisualStudioVersion = 15.0.28307.757
MinimumVisualStudioVersion = 10.0.40219.1
Project("{FAE04EC0-301F-11D3-BF4B-00C04F79EFBC}") = "Playdia", "Playdia\Playdia.csproj", "{B0A734EC-0F56-4675-9A20-3A9D462E6AAB}"
EndProject
Project("{FAE04EC0-301F-11D3-BF4B-00C04F79EFBC}") = "ISO9660", "ISO9660\ISO9660.csproj", "{BCB0CD91-0ED3-4E6E-A0F3-032B191EA51F}"
EndProject
Project("{FAE04EC0-301F-11D3-BF4B-00C04F79EFBC}") = "PlaydiaControls", "PlaydiaControls\PlaydiaControls.csproj", "{89341D60-D2A1-4CB1-9C20-99E4E84AFC51}"
EndProject
Global
	GlobalSection(SolutionConfigurationPlatforms) = preSolution
		Debug|Any CPU = Debug|Any CPU
		Release|Any CPU = Release|Any CPU
	EndGlobalSection
	GlobalSection(ProjectConfigurationPlatforms) = postSolution
		{B0A734EC-0F56-4675-9A20-3A9D462E6AAB}.Debug|Any CPU.ActiveCfg = Debug|Any CPU
		{B0A734EC-0F56-4675-9A20-3A9D462E6AAB}.Debug|Any CPU.Build.0 = Debug|Any CPU
		{B0A734EC-0F56-4675-9A20-3A9D462E6AAB}.Release|Any CPU.ActiveCfg = Release|Any CPU
		{B0A734EC-0F56-4675-9A20-3A9D462E6AAB}.Release|Any CPU.Build.0 = Release|Any CPU
		{BCB0CD91-0ED3-4E6E-A0F3-032B191EA51F}.Debug|Any CPU.ActiveCfg = Debug|Any CPU
		{BCB0CD91-0ED3-4E6E-A0F3-032B191EA51F}.Debug|Any CPU.Build.0 = Debug|Any CPU
		{BCB0CD91-0ED3-4E6E-A0F3-032B191EA51F}.Release|Any CPU.ActiveCfg = Release|Any CPU
		{BCB0CD91-0ED3-4E6E-A0F3-032B191EA51F}.Release|Any CPU.Build.0 = Release|Any CPU
		{89341D60-D2A1-4CB1-9C20-99E4E84AFC51}.Debug|Any CPU.ActiveCfg = Debug|Any CPU
		{89341D60-D2A1-4CB1-9C20-99E4E84AFC51}.Debug|Any CPU.Build.0 = Debug|Any CPU
		{89341D60-D2A1-4CB1-9C20-99E4E84AFC51}.Release|Any CPU.ActiveCfg = Release|Any CPU
		{89341D60-D2A1-4CB1-9C20-99E4E84AFC51}.Release|Any CPU.Build.0 = Release|Any CPU
	EndGlobalSection
	GlobalSection(SolutionProperties) = preSolution
		HideSolutionNode = FALSE
	EndGlobalSection
	GlobalSection(ExtensibilityGlobals) = postSolution
		SolutionGuid = {9333B552-9A2D-4689-A99E-949D89AD0015}
	EndGlobalSection
EndGlobal
